
Microsoft Visual Studio Solution File, Format Version 12.00
# Visual Studio Version 16
VisualStudioVersion = 16.0.29123.88
MinimumVisualStudioVersion = 10.0.40219.1
Project("{9A19103F-16F7-4668-BE54-9A1E7A4F7556}") = "WiSolSMTRepo", "WiSolSMTRepo\WiSolSMTRepo.csproj", "{C62EB310-1D84-47C8-B3ED-F270722D8AEA}"
EndProject
Global
	GlobalSection(SolutionConfigurationPlatforms) = preSolution
		Debug|Any CPU = Debug|Any CPU
		Release|Any CPU = Release|Any CPU
	EndGlobalSection
	GlobalSection(ProjectConfigurationPlatforms) = postSolution
		{C62EB310-1D84-47C8-B3ED-F270722D8AEA}.Debug|Any CPU.ActiveCfg = Debug|Any CPU
		{C62EB310-1D84-47C8-B3ED-F270722D8AEA}.Debug|Any CPU.Build.0 = Debug|Any CPU
		{C62EB310-1D84-47C8-B3ED-F270722D8AEA}.Release|Any CPU.ActiveCfg = Release|Any CPU
		{C62EB310-1D84-47C8-B3ED-F270722D8AEA}.Release|Any CPU.Build.0 = Release|Any CPU
	EndGlobalSection
	GlobalSection(SolutionProperties) = preSolution
		HideSolutionNode = FALSE
	EndGlobalSection
	GlobalSection(ExtensibilityGlobals) = postSolution
		SolutionGuid = {7C6603AB-45E5-43E1-8A23-371672ECFF19}
	EndGlobalSection
EndGlobal
