
Microsoft Visual Studio Solution File, Format Version 12.00
# Visual Studio 15
VisualStudioVersion = 15.0.28307.645
MinimumVisualStudioVersion = 10.0.40219.1
Project("{FAE04EC0-301F-11D3-BF4B-00C04F79EFBC}") = "WisolSMTLineApp", "WisolSMTLineApp\WisolSMTLineApp.csproj", "{A13F8372-8B45-4B67-8D30-E16C1E6C0FA9}"
EndProject
Global
	GlobalSection(SolutionConfigurationPlatforms) = preSolution
		Debug|Any CPU = Debug|Any CPU
		Release|Any CPU = Release|Any CPU
	EndGlobalSection
	GlobalSection(ProjectConfigurationPlatforms) = postSolution
		{A13F8372-8B45-4B67-8D30-E16C1E6C0FA9}.Debug|Any CPU.ActiveCfg = Debug|Any CPU
		{A13F8372-8B45-4B67-8D30-E16C1E6C0FA9}.Debug|Any CPU.Build.0 = Debug|Any CPU
		{A13F8372-8B45-4B67-8D30-E16C1E6C0FA9}.Release|Any CPU.ActiveCfg = Release|Any CPU
		{A13F8372-8B45-4B67-8D30-E16C1E6C0FA9}.Release|Any CPU.Build.0 = Release|Any CPU
	EndGlobalSection
	GlobalSection(SolutionProperties) = preSolution
		HideSolutionNode = FALSE
	EndGlobalSection
	GlobalSection(ExtensibilityGlobals) = postSolution
		SolutionGuid = {F1C2F912-1E00-4371-99CD-B4D3C8E3946D}
	EndGlobalSection
EndGlobal
